
Microsoft Visual Studio Solution File, Format Version 12.00
# Visual Studio 15
VisualStudioVersion = 15.0.26730.16
MinimumVisualStudioVersion = 10.0.40219.1
Project("{FAE04EC0-301F-11D3-BF4B-00C04F79EFBC}") = "NeptunLight.Android", "NeptunLight\NeptunLight.Android\NeptunLight.Android.csproj", "{8A1D115F-02C6-49F6-9CEF-4F73C20E7ECB}"
EndProject
Project("{FAE04EC0-301F-11D3-BF4B-00C04F79EFBC}") = "NeptunLight.iOS", "NeptunLight\NeptunLight.iOS\NeptunLight.iOS.csproj", "{AE94F39D-679B-4855-B064-59700DAFA9C8}"
EndProject
Project("{FAE04EC0-301F-11D3-BF4B-00C04F79EFBC}") = "NeptunLight.UWP", "NeptunLight\NeptunLight.UWP\NeptunLight.UWP.csproj", "{59B3B6A3-B6E2-494D-AA7B-0A3C8618AC76}"
EndProject
Project("{FAE04EC0-301F-11D3-BF4B-00C04F79EFBC}") = "NeptunLight", "NeptunLight\NeptunLight\NeptunLight.csproj", "{DFDB8D30-B24B-4952-8346-7B59E79E20C9}"
EndProject
Project("{FAE04EC0-301F-11D3-BF4B-00C04F79EFBC}") = "NeptunLight.Tests", "NeptunLight.Tests\NeptunLight.Tests.csproj", "{60716031-52E7-4784-A586-58841DCB3614}"
EndProject
Global
	GlobalSection(SolutionConfigurationPlatforms) = preSolution
		Debug|Any CPU = Debug|Any CPU
		Debug|ARM = Debug|ARM
		Debug|iPhone = Debug|iPhone
		Debug|iPhoneSimulator = Debug|iPhoneSimulator
		Debug|x64 = Debug|x64
		Debug|x86 = Debug|x86
		Release|Any CPU = Release|Any CPU
		Release|ARM = Release|ARM
		Release|iPhone = Release|iPhone
		Release|iPhoneSimulator = Release|iPhoneSimulator
		Release|x64 = Release|x64
		Release|x86 = Release|x86
	EndGlobalSection
	GlobalSection(ProjectConfigurationPlatforms) = postSolution
		{8A1D115F-02C6-49F6-9CEF-4F73C20E7ECB}.Debug|Any CPU.ActiveCfg = Debug|Any CPU
		{8A1D115F-02C6-49F6-9CEF-4F73C20E7ECB}.Debug|Any CPU.Build.0 = Debug|Any CPU
		{8A1D115F-02C6-49F6-9CEF-4F73C20E7ECB}.Debug|Any CPU.Deploy.0 = Debug|Any CPU
		{8A1D115F-02C6-49F6-9CEF-4F73C20E7ECB}.Debug|ARM.ActiveCfg = Debug|Any CPU
		{8A1D115F-02C6-49F6-9CEF-4F73C20E7ECB}.Debug|ARM.Build.0 = Debug|Any CPU
		{8A1D115F-02C6-49F6-9CEF-4F73C20E7ECB}.Debug|ARM.Deploy.0 = Debug|Any CPU
		{8A1D115F-02C6-49F6-9CEF-4F73C20E7ECB}.Debug|iPhone.ActiveCfg = Debug|Any CPU
		{8A1D115F-02C6-49F6-9CEF-4F73C20E7ECB}.Debug|iPhone.Build.0 = Debug|Any CPU
		{8A1D115F-02C6-49F6-9CEF-4F73C20E7ECB}.Debug|iPhone.Deploy.0 = Debug|Any CPU
		{8A1D115F-02C6-49F6-9CEF-4F73C20E7ECB}.Debug|iPhoneSimulator.ActiveCfg = Debug|Any CPU
		{8A1D115F-02C6-49F6-9CEF-4F73C20E7ECB}.Debug|iPhoneSimulator.Build.0 = Debug|Any CPU
		{8A1D115F-02C6-49F6-9CEF-4F73C20E7ECB}.Debug|iPhoneSimulator.Deploy.0 = Debug|Any CPU
		{8A1D115F-02C6-49F6-9CEF-4F73C20E7ECB}.Debug|x64.ActiveCfg = Debug|Any CPU
		{8A1D115F-02C6-49F6-9CEF-4F73C20E7ECB}.Debug|x64.Build.0 = Debug|Any CPU
		{8A1D115F-02C6-49F6-9CEF-4F73C20E7ECB}.Debug|x64.Deploy.0 = Debug|Any CPU
		{8A1D115F-02C6-49F6-9CEF-4F73C20E7ECB}.Debug|x86.ActiveCfg = Debug|Any CPU
		{8A1D115F-02C6-49F6-9CEF-4F73C20E7ECB}.Debug|x86.Build.0 = Debug|Any CPU
		{8A1D115F-02C6-49F6-9CEF-4F73C20E7ECB}.Debug|x86.Deploy.0 = Debug|Any CPU
		{8A1D115F-02C6-49F6-9CEF-4F73C20E7ECB}.Release|Any CPU.ActiveCfg = Release|Any CPU
		{8A1D115F-02C6-49F6-9CEF-4F73C20E7ECB}.Release|Any CPU.Build.0 = Release|Any CPU
		{8A1D115F-02C6-49F6-9CEF-4F73C20E7ECB}.Release|Any CPU.Deploy.0 = Release|Any CPU
		{8A1D115F-02C6-49F6-9CEF-4F73C20E7ECB}.Release|ARM.ActiveCfg = Release|Any CPU
		{8A1D115F-02C6-49F6-9CEF-4F73C20E7ECB}.Release|ARM.Build.0 = Release|Any CPU
		{8A1D115F-02C6-49F6-9CEF-4F73C20E7ECB}.Release|ARM.Deploy.0 = Release|Any CPU
		{8A1D115F-02C6-49F6-9CEF-4F73C20E7ECB}.Release|iPhone.ActiveCfg = Release|Any CPU
		{8A1D115F-02C6-49F6-9CEF-4F73C20E7ECB}.Release|iPhone.Build.0 = Release|Any CPU
		{8A1D115F-02C6-49F6-9CEF-4F73C20E7ECB}.Release|iPhone.Deploy.0 = Release|Any CPU
		{8A1D115F-02C6-49F6-9CEF-4F73C20E7ECB}.Release|iPhoneSimulator.ActiveCfg = Release|Any CPU
		{8A1D115F-02C6-49F6-9CEF-4F73C20E7ECB}.Release|iPhoneSimulator.Build.0 = Release|Any CPU
		{8A1D115F-02C6-49F6-9CEF-4F73C20E7ECB}.Release|iPhoneSimulator.Deploy.0 = Release|Any CPU
		{8A1D115F-02C6-49F6-9CEF-4F73C20E7ECB}.Release|x64.ActiveCfg = Release|Any CPU
		{8A1D115F-02C6-49F6-9CEF-4F73C20E7ECB}.Release|x64.Build.0 = Release|Any CPU
		{8A1D115F-02C6-49F6-9CEF-4F73C20E7ECB}.Release|x64.Deploy.0 = Release|Any CPU
		{8A1D115F-02C6-49F6-9CEF-4F73C20E7ECB}.Release|x86.ActiveCfg = Release|Any CPU
		{8A1D115F-02C6-49F6-9CEF-4F73C20E7ECB}.Release|x86.Build.0 = Release|Any CPU
		{8A1D115F-02C6-49F6-9CEF-4F73C20E7ECB}.Release|x86.Deploy.0 = Release|Any CPU
		{AE94F39D-679B-4855-B064-59700DAFA9C8}.Debug|Any CPU.ActiveCfg = Debug|iPhone
		{AE94F39D-679B-4855-B064-59700DAFA9C8}.Debug|ARM.ActiveCfg = Debug|iPhone
		{AE94F39D-679B-4855-B064-59700DAFA9C8}.Debug|iPhone.ActiveCfg = Debug|iPhone
		{AE94F39D-679B-4855-B064-59700DAFA9C8}.Debug|iPhone.Build.0 = Debug|iPhone
		{AE94F39D-679B-4855-B064-59700DAFA9C8}.Debug|iPhoneSimulator.ActiveCfg = Debug|iPhoneSimulator
		{AE94F39D-679B-4855-B064-59700DAFA9C8}.Debug|iPhoneSimulator.Build.0 = Debug|iPhoneSimulator
		{AE94F39D-679B-4855-B064-59700DAFA9C8}.Debug|x64.ActiveCfg = Debug|iPhone
		{AE94F39D-679B-4855-B064-59700DAFA9C8}.Debug|x86.ActiveCfg = Debug|iPhone
		{AE94F39D-679B-4855-B064-59700DAFA9C8}.Release|Any CPU.ActiveCfg = Release|iPhone
		{AE94F39D-679B-4855-B064-59700DAFA9C8}.Release|ARM.ActiveCfg = Release|iPhone
		{AE94F39D-679B-4855-B064-59700DAFA9C8}.Release|iPhone.ActiveCfg = Release|iPhone
		{AE94F39D-679B-4855-B064-59700DAFA9C8}.Release|iPhone.Build.0 = Release|iPhone
		{AE94F39D-679B-4855-B064-59700DAFA9C8}.Release|iPhoneSimulator.ActiveCfg = Release|iPhoneSimulator
		{AE94F39D-679B-4855-B064-59700DAFA9C8}.Release|iPhoneSimulator.Build.0 = Release|iPhoneSimulator
		{AE94F39D-679B-4855-B064-59700DAFA9C8}.Release|x64.ActiveCfg = Release|iPhone
		{AE94F39D-679B-4855-B064-59700DAFA9C8}.Release|x86.ActiveCfg = Release|iPhone
		{59B3B6A3-B6E2-494D-AA7B-0A3C8618AC76}.Debug|Any CPU.ActiveCfg = Debug|x86
		{59B3B6A3-B6E2-494D-AA7B-0A3C8618AC76}.Debug|ARM.ActiveCfg = Debug|ARM
		{59B3B6A3-B6E2-494D-AA7B-0A3C8618AC76}.Debug|ARM.Build.0 = Debug|ARM
		{59B3B6A3-B6E2-494D-AA7B-0A3C8618AC76}.Debug|ARM.Deploy.0 = Debug|ARM
		{59B3B6A3-B6E2-494D-AA7B-0A3C8618AC76}.Debug|iPhone.ActiveCfg = Debug|x86
		{59B3B6A3-B6E2-494D-AA7B-0A3C8618AC76}.Debug|iPhoneSimulator.ActiveCfg = Debug|x86
		{59B3B6A3-B6E2-494D-AA7B-0A3C8618AC76}.Debug|x64.ActiveCfg = Debug|x64
		{59B3B6A3-B6E2-494D-AA7B-0A3C8618AC76}.Debug|x64.Build.0 = Debug|x64
		{59B3B6A3-B6E2-494D-AA7B-0A3C8618AC76}.Debug|x64.Deploy.0 = Debug|x64
		{59B3B6A3-B6E2-494D-AA7B-0A3C8618AC76}.Debug|x86.ActiveCfg = Debug|x86
		{59B3B6A3-B6E2-494D-AA7B-0A3C8618AC76}.Debug|x86.Build.0 = Debug|x86
		{59B3B6A3-B6E2-494D-AA7B-0A3C8618AC76}.Debug|x86.Deploy.0 = Debug|x86
		{59B3B6A3-B6E2-494D-AA7B-0A3C8618AC76}.Release|Any CPU.ActiveCfg = Release|x86
		{59B3B6A3-B6E2-494D-AA7B-0A3C8618AC76}.Release|ARM.ActiveCfg = Release|ARM
		{59B3B6A3-B6E2-494D-AA7B-0A3C8618AC76}.Release|ARM.Build.0 = Release|ARM
		{59B3B6A3-B6E2-494D-AA7B-0A3C8618AC76}.Release|ARM.Deploy.0 = Release|ARM
		{59B3B6A3-B6E2-494D-AA7B-0A3C8618AC76}.Release|iPhone.ActiveCfg = Release|x86
		{59B3B6A3-B6E2-494D-AA7B-0A3C8618AC76}.Release|iPhoneSimulator.ActiveCfg = Release|x86
		{59B3B6A3-B6E2-494D-AA7B-0A3C8618AC76}.Release|x64.ActiveCfg = Release|x64
		{59B3B6A3-B6E2-494D-AA7B-0A3C8618AC76}.Release|x64.Build.0 = Release|x64
		{59B3B6A3-B6E2-494D-AA7B-0A3C8618AC76}.Release|x64.Deploy.0 = Release|x64
		{59B3B6A3-B6E2-494D-AA7B-0A3C8618AC76}.Release|x86.ActiveCfg = Release|x86
		{59B3B6A3-B6E2-494D-AA7B-0A3C8618AC76}.Release|x86.Build.0 = Release|x86
		{59B3B6A3-B6E2-494D-AA7B-0A3C8618AC76}.Release|x86.Deploy.0 = Release|x86
		{DFDB8D30-B24B-4952-8346-7B59E79E20C9}.Debug|Any CPU.ActiveCfg = Debug|Any CPU
		{DFDB8D30-B24B-4952-8346-7B59E79E20C9}.Debug|Any CPU.Build.0 = Debug|Any CPU
		{DFDB8D30-B24B-4952-8346-7B59E79E20C9}.Debug|ARM.ActiveCfg = Debug|Any CPU
		{DFDB8D30-B24B-4952-8346-7B59E79E20C9}.Debug|ARM.Build.0 = Debug|Any CPU
		{DFDB8D30-B24B-4952-8346-7B59E79E20C9}.Debug|iPhone.ActiveCfg = Debug|Any CPU
		{DFDB8D30-B24B-4952-8346-7B59E79E20C9}.Debug|iPhone.Build.0 = Debug|Any CPU
		{DFDB8D30-B24B-4952-8346-7B59E79E20C9}.Debug|iPhoneSimulator.ActiveCfg = Debug|Any CPU
		{DFDB8D30-B24B-4952-8346-7B59E79E20C9}.Debug|iPhoneSimulator.Build.0 = Debug|Any CPU
		{DFDB8D30-B24B-4952-8346-7B59E79E20C9}.Debug|x64.ActiveCfg = Debug|Any CPU
		{DFDB8D30-B24B-4952-8346-7B59E79E20C9}.Debug|x64.Build.0 = Debug|Any CPU
		{DFDB8D30-B24B-4952-8346-7B59E79E20C9}.Debug|x86.ActiveCfg = Debug|Any CPU
		{DFDB8D30-B24B-4952-8346-7B59E79E20C9}.Debug|x86.Build.0 = Debug|Any CPU
		{DFDB8D30-B24B-4952-8346-7B59E79E20C9}.Release|Any CPU.ActiveCfg = Release|Any CPU
		{DFDB8D30-B24B-4952-8346-7B59E79E20C9}.Release|Any CPU.Build.0 = Release|Any CPU
		{DFDB8D30-B24B-4952-8346-7B59E79E20C9}.Release|ARM.ActiveCfg = Release|Any CPU
		{DFDB8D30-B24B-4952-8346-7B59E79E20C9}.Release|ARM.Build.0 = Release|Any CPU
		{DFDB8D30-B24B-4952-8346-7B59E79E20C9}.Release|iPhone.ActiveCfg = Release|Any CPU
		{DFDB8D30-B24B-4952-8346-7B59E79E20C9}.Release|iPhone.Build.0 = Release|Any CPU
		{DFDB8D30-B24B-4952-8346-7B59E79E20C9}.Release|iPhoneSimulator.ActiveCfg = Release|Any CPU
		{DFDB8D30-B24B-4952-8346-7B59E79E20C9}.Release|iPhoneSimulator.Build.0 = Release|Any CPU
		{DFDB8D30-B24B-4952-8346-7B59E79E20C9}.Release|x64.ActiveCfg = Release|Any CPU
		{DFDB8D30-B24B-4952-8346-7B59E79E20C9}.Release|x64.Build.0 = Release|Any CPU
		{DFDB8D30-B24B-4952-8346-7B59E79E20C9}.Release|x86.ActiveCfg = Release|Any CPU
		{DFDB8D30-B24B-4952-8346-7B59E79E20C9}.Release|x86.Build.0 = Release|Any CPU
		{60716031-52E7-4784-A586-58841DCB3614}.Debug|Any CPU.ActiveCfg = Debug|Any CPU
		{60716031-52E7-4784-A586-58841DCB3614}.Debug|Any CPU.Build.0 = Debug|Any CPU
		{60716031-52E7-4784-A586-58841DCB3614}.Debug|ARM.ActiveCfg = Debug|Any CPU
		{60716031-52E7-4784-A586-58841DCB3614}.Debug|ARM.Build.0 = Debug|Any CPU
		{60716031-52E7-4784-A586-58841DCB3614}.Debug|iPhone.ActiveCfg = Debug|Any CPU
		{60716031-52E7-4784-A586-58841DCB3614}.Debug|iPhone.Build.0 = Debug|Any CPU
		{60716031-52E7-4784-A586-58841DCB3614}.Debug|iPhoneSimulator.ActiveCfg = Debug|Any CPU
		{60716031-52E7-4784-A586-58841DCB3614}.Debug|iPhoneSimulator.Build.0 = Debug|Any CPU
		{60716031-52E7-4784-A586-58841DCB3614}.Debug|x64.ActiveCfg = Debug|Any CPU
		{60716031-52E7-4784-A586-58841DCB3614}.Debug|x64.Build.0 = Debug|Any CPU
		{60716031-52E7-4784-A586-58841DCB3614}.Debug|x86.ActiveCfg = Debug|Any CPU
		{60716031-52E7-4784-A586-58841DCB3614}.Debug|x86.Build.0 = Debug|Any CPU
		{60716031-52E7-4784-A586-58841DCB3614}.Release|Any CPU.ActiveCfg = Release|Any CPU
		{60716031-52E7-4784-A586-58841DCB3614}.Release|Any CPU.Build.0 = Release|Any CPU
		{60716031-52E7-4784-A586-58841DCB3614}.Release|ARM.ActiveCfg = Release|Any CPU
		{60716031-52E7-4784-A586-58841DCB3614}.Release|ARM.Build.0 = Release|Any CPU
		{60716031-52E7-4784-A586-58841DCB3614}.Release|iPhone.ActiveCfg = Release|Any CPU
		{60716031-52E7-4784-A586-58841DCB3614}.Release|iPhone.Build.0 = Release|Any CPU
		{60716031-52E7-4784-A586-58841DCB3614}.Release|iPhoneSimulator.ActiveCfg = Release|Any CPU
		{60716031-52E7-4784-A586-58841DCB3614}.Release|iPhoneSimulator.Build.0 = Release|Any CPU
		{60716031-52E7-4784-A586-58841DCB3614}.Release|x64.ActiveCfg = Release|Any CPU
		{60716031-52E7-4784-A586-58841DCB3614}.Release|x64.Build.0 = Release|Any CPU
		{60716031-52E7-4784-A586-58841DCB3614}.Release|x86.ActiveCfg = Release|Any CPU
		{60716031-52E7-4784-A586-58841DCB3614}.Release|x86.Build.0 = Release|Any CPU
	EndGlobalSection
	GlobalSection(SolutionProperties) = preSolution
		HideSolutionNode = FALSE
	EndGlobalSection
	GlobalSection(ExtensibilityGlobals) = postSolution
		SolutionGuid = {DEE3BD03-2AA1-4432-A25E-C09743C676DE}
	EndGlobalSection
EndGlobal
